
Microsoft Visual Studio Solution File, Format Version 12.00
# Visual Studio Version 16
VisualStudioVersion = 16.0.29905.134
MinimumVisualStudioVersion = 10.0.40219.1
Project("{FAE04EC0-301F-11D3-BF4B-00C04F79EFBC}") = "RSA加密解密", "RSA加密解密.csproj", "{18BAA8D2-344B-4C68-9EE5-A7FEC0004054}"
EndProject
Global
	GlobalSection(SolutionConfigurationPlatforms) = preSolution
		Debug|Any CPU = Debug|Any CPU
		Release|Any CPU = Release|Any CPU
	EndGlobalSection
	GlobalSection(ProjectConfigurationPlatforms) = postSolution
		{18BAA8D2-344B-4C68-9EE5-A7FEC0004054}.Debug|Any CPU.ActiveCfg = Debug|Any CPU
		{18BAA8D2-344B-4C68-9EE5-A7FEC0004054}.Debug|Any CPU.Build.0 = Debug|Any CPU
		{18BAA8D2-344B-4C68-9EE5-A7FEC0004054}.Release|Any CPU.ActiveCfg = Release|Any CPU
		{18BAA8D2-344B-4C68-9EE5-A7FEC0004054}.Release|Any CPU.Build.0 = Release|Any CPU
	EndGlobalSection
	GlobalSection(SolutionProperties) = preSolution
		HideSolutionNode = FALSE
	EndGlobalSection
	GlobalSection(ExtensibilityGlobals) = postSolution
		SolutionGuid = {A826954E-306F-4ED3-8612-0131B33C017E}
	EndGlobalSection
EndGlobal
